// !$*UTF8*$!
{
	archiveVersion = 1;
	classes = {
	};
	objectVersion = 50;
	objects = {

/* Begin PBXBuildFile section */
		8870455C221F1B7800A18A5C /* MultiplePDFViewController.swift in Sources */ = {isa = PBXBuildFile; fileRef = 8870455B221F1B7800A18A5C /* MultiplePDFViewController.swift */; };
		8870455E221F7A1C00A18A5C /* PDFViewController.swift in Sources */ = {isa = PBXBuildFile; fileRef = 8870455D221F7A1C00A18A5C /* PDFViewController.swift */; };
		8870456122206FD600A18A5C /* PDFTabController.swift in Sources */ = {isa = PBXBuildFile; fileRef = 8870456022206FD600A18A5C /* PDFTabController.swift */; };
		889C6B69221DFADE00D74C05 /* AppDelegate.swift in Sources */ = {isa = PBXBuildFile; fileRef = 889C6B68221DFADE00D74C05 /* AppDelegate.swift */; };
		889C6B6B221DFADE00D74C05 /* ViewController.swift in Sources */ = {isa = PBXBuildFile; fileRef = 889C6B6A221DFADE00D74C05 /* ViewController.swift */; };
		889C6B6E221DFADE00D74C05 /* Main.storyboard in Resources */ = {isa = PBXBuildFile; fileRef = 889C6B6C221DFADE00D74C05 /* Main.storyboard */; };
		889C6B71221DFADE00D74C05 /* PSPDFKitTest.xcdatamodeld in Sources */ = {isa = PBXBuildFile; fileRef = 889C6B6F221DFADE00D74C05 /* PSPDFKitTest.xcdatamodeld */; };
		889C6B73221DFADF00D74C05 /* Assets.xcassets in Resources */ = {isa = PBXBuildFile; fileRef = 889C6B72221DFADF00D74C05 /* Assets.xcassets */; };
		889C6B76221DFADF00D74C05 /* LaunchScreen.storyboard in Resources */ = {isa = PBXBuildFile; fileRef = 889C6B74221DFADF00D74C05 /* LaunchScreen.storyboard */; };
		889C6B81221DFADF00D74C05 /* PSPDFKitTestTests.swift in Sources */ = {isa = PBXBuildFile; fileRef = 889C6B80221DFADF00D74C05 /* PSPDFKitTestTests.swift */; };
		889C6B8C221DFADF00D74C05 /* PSPDFKitTestUITests.swift in Sources */ = {isa = PBXBuildFile; fileRef = 889C6B8B221DFADF00D74C05 /* PSPDFKitTestUITests.swift */; };
		889C6B9A221E035500D74C05 /* camara.pdf in Resources */ = {isa = PBXBuildFile; fileRef = 889C6B99221E035400D74C05 /* camara.pdf */; };
		889C6BA1221E054A00D74C05 /* ManualesViewController.swift in Sources */ = {isa = PBXBuildFile; fileRef = 889C6BA0221E054A00D74C05 /* ManualesViewController.swift */; };
		889C6BA4221E05A300D74C05 /* ManualesTableViewCell.swift in Sources */ = {isa = PBXBuildFile; fileRef = 889C6BA2221E05A300D74C05 /* ManualesTableViewCell.swift */; };
		889C6BA5221E05A300D74C05 /* ManualesTableViewCell.xib in Resources */ = {isa = PBXBuildFile; fileRef = 889C6BA3221E05A300D74C05 /* ManualesTableViewCell.xib */; };
		889C6BAA221E1B7200D74C05 /* Así_trabajamos.pdf in Resources */ = {isa = PBXBuildFile; fileRef = 889C6BA6221E1B7100D74C05 /* Así_trabajamos.pdf */; };
		889C6BAB221E1B7200D74C05 /* Pilotos y Sobrecargos viajando sin Boleto.pdf in Resources */ = {isa = PBXBuildFile; fileRef = 889C6BA7221E1B7100D74C05 /* Pilotos y Sobrecargos viajando sin Boleto.pdf */; };
		889C6BAC221E1B7200D74C05 /* Carta_Fiesta_Inn_Aeromexico.pdf in Resources */ = {isa = PBXBuildFile; fileRef = 889C6BA8221E1B7100D74C05 /* Carta_Fiesta_Inn_Aeromexico.pdf */; };
		889C6BAD221E1B7200D74C05 /* Revisión de Seguridad.pdf in Resources */ = {isa = PBXBuildFile; fileRef = 889C6BA9221E1B7200D74C05 /* Revisión de Seguridad.pdf */; };
		889C6BAF221E6D0E00D74C05 /* FavoritosViewController.swift in Sources */ = {isa = PBXBuildFile; fileRef = 889C6BAE221E6D0E00D74C05 /* FavoritosViewController.swift */; };
		EAEE07930B646C2E0715F295 /* Pods_PSPDFKitTest.framework in Frameworks */ = {isa = PBXBuildFile; fileRef = 0B280E86F4E095AA54F235A9 /* Pods_PSPDFKitTest.framework */; };
/* End PBXBuildFile section */

/* Begin PBXContainerItemProxy section */
		889C6B7D221DFADF00D74C05 /* PBXContainerItemProxy */ = {
			isa = PBXContainerItemProxy;
			containerPortal = 889C6B5D221DFADE00D74C05 /* Project object */;
			proxyType = 1;
			remoteGlobalIDString = 889C6B64221DFADE00D74C05;
			remoteInfo = PSPDFKitTest;
		};
		889C6B88221DFADF00D74C05 /* PBXContainerItemProxy */ = {
			isa = PBXContainerItemProxy;
			containerPortal = 889C6B5D221DFADE00D74C05 /* Project object */;
			proxyType = 1;
			remoteGlobalIDString = 889C6B64221DFADE00D74C05;
			remoteInfo = PSPDFKitTest;
		};
/* End PBXContainerItemProxy section */

/* Begin PBXFileReference section */
		0B280E86F4E095AA54F235A9 /* Pods_PSPDFKitTest.framework */ = {isa = PBXFileReference; explicitFileType = wrapper.framework; includeInIndex = 0; path = Pods_PSPDFKitTest.framework; sourceTree = BUILT_PRODUCTS_DIR; };
		8870455B221F1B7800A18A5C /* MultiplePDFViewController.swift */ = {isa = PBXFileReference; lastKnownFileType = sourcecode.swift; path = MultiplePDFViewController.swift; sourceTree = "<group>"; };
		8870455D221F7A1C00A18A5C /* PDFViewController.swift */ = {isa = PBXFileReference; lastKnownFileType = sourcecode.swift; path = PDFViewController.swift; sourceTree = "<group>"; };
		8870456022206FD600A18A5C /* PDFTabController.swift */ = {isa = PBXFileReference; lastKnownFileType = sourcecode.swift; path = PDFTabController.swift; sourceTree = "<group>"; };
		889C6B65221DFADE00D74C05 /* PSPDFKitTest.app */ = {isa = PBXFileReference; explicitFileType = wrapper.application; includeInIndex = 0; path = PSPDFKitTest.app; sourceTree = BUILT_PRODUCTS_DIR; };
		889C6B68221DFADE00D74C05 /* AppDelegate.swift */ = {isa = PBXFileReference; lastKnownFileType = sourcecode.swift; path = AppDelegate.swift; sourceTree = "<group>"; };
		889C6B6A221DFADE00D74C05 /* ViewController.swift */ = {isa = PBXFileReference; lastKnownFileType = sourcecode.swift; path = ViewController.swift; sourceTree = "<group>"; };
		889C6B6D221DFADE00D74C05 /* Base */ = {isa = PBXFileReference; lastKnownFileType = file.storyboard; name = Base; path = Base.lproj/Main.storyboard; sourceTree = "<group>"; };
		889C6B70221DFADE00D74C05 /* PSPDFKitTest.xcdatamodel */ = {isa = PBXFileReference; lastKnownFileType = wrapper.xcdatamodel; path = PSPDFKitTest.xcdatamodel; sourceTree = "<group>"; };
		889C6B72221DFADF00D74C05 /* Assets.xcassets */ = {isa = PBXFileReference; lastKnownFileType = folder.assetcatalog; path = Assets.xcassets; sourceTree = "<group>"; };
		889C6B75221DFADF00D74C05 /* Base */ = {isa = PBXFileReference; lastKnownFileType = file.storyboard; name = Base; path = Base.lproj/LaunchScreen.storyboard; sourceTree = "<group>"; };
		889C6B77221DFADF00D74C05 /* Info.plist */ = {isa = PBXFileReference; lastKnownFileType = text.plist.xml; path = Info.plist; sourceTree = "<group>"; };
		889C6B7C221DFADF00D74C05 /* PSPDFKitTestTests.xctest */ = {isa = PBXFileReference; explicitFileType = wrapper.cfbundle; includeInIndex = 0; path = PSPDFKitTestTests.xctest; sourceTree = BUILT_PRODUCTS_DIR; };
		889C6B80221DFADF00D74C05 /* PSPDFKitTestTests.swift */ = {isa = PBXFileReference; lastKnownFileType = sourcecode.swift; path = PSPDFKitTestTests.swift; sourceTree = "<group>"; };
		889C6B82221DFADF00D74C05 /* Info.plist */ = {isa = PBXFileReference; lastKnownFileType = text.plist.xml; path = Info.plist; sourceTree = "<group>"; };
		889C6B87221DFADF00D74C05 /* PSPDFKitTestUITests.xctest */ = {isa = PBXFileReference; explicitFileType = wrapper.cfbundle; includeInIndex = 0; path = PSPDFKitTestUITests.xctest; sourceTree = BUILT_PRODUCTS_DIR; };
		889C6B8B221DFADF00D74C05 /* PSPDFKitTestUITests.swift */ = {isa = PBXFileReference; lastKnownFileType = sourcecode.swift; path = PSPDFKitTestUITests.swift; sourceTree = "<group>"; };
		889C6B8D221DFADF00D74C05 /* Info.plist */ = {isa = PBXFileReference; lastKnownFileType = text.plist.xml; path = Info.plist; sourceTree = "<group>"; };
		889C6B99221E035400D74C05 /* camara.pdf */ = {isa = PBXFileReference; lastKnownFileType = image.pdf; path = camara.pdf; sourceTree = "<group>"; };
		889C6BA0221E054A00D74C05 /* ManualesViewController.swift */ = {isa = PBXFileReference; lastKnownFileType = sourcecode.swift; name = ManualesViewController.swift; path = /Users/josegonzalez/Desktop/IOS/PSPDFKitTest/PSPDFKitTest/PSPDFKitTest/ManualesTableView/ManualesViewController.swift; sourceTree = "<absolute>"; };
		889C6BA2221E05A300D74C05 /* ManualesTableViewCell.swift */ = {isa = PBXFileReference; lastKnownFileType = sourcecode.swift; path = ManualesTableViewCell.swift; sourceTree = "<group>"; };
		889C6BA3221E05A300D74C05 /* ManualesTableViewCell.xib */ = {isa = PBXFileReference; lastKnownFileType = file.xib; path = ManualesTableViewCell.xib; sourceTree = "<group>"; };
		889C6BA6221E1B7100D74C05 /* Así_trabajamos.pdf */ = {isa = PBXFileReference; lastKnownFileType = image.pdf; path = "Así_trabajamos.pdf"; sourceTree = "<group>"; };
		889C6BA7221E1B7100D74C05 /* Pilotos y Sobrecargos viajando sin Boleto.pdf */ = {isa = PBXFileReference; lastKnownFileType = image.pdf; path = "Pilotos y Sobrecargos viajando sin Boleto.pdf"; sourceTree = "<group>"; };
		889C6BA8221E1B7100D74C05 /* Carta_Fiesta_Inn_Aeromexico.pdf */ = {isa = PBXFileReference; lastKnownFileType = image.pdf; path = Carta_Fiesta_Inn_Aeromexico.pdf; sourceTree = "<group>"; };
		889C6BA9221E1B7200D74C05 /* Revisión de Seguridad.pdf */ = {isa = PBXFileReference; lastKnownFileType = image.pdf; path = "Revisión de Seguridad.pdf"; sourceTree = "<group>"; };
		889C6BAE221E6D0E00D74C05 /* FavoritosViewController.swift */ = {isa = PBXFileReference; lastKnownFileType = sourcecode.swift; path = FavoritosViewController.swift; sourceTree = "<group>"; };
		9A4977A7A388EA00A9D24D7B /* Pods-PSPDFKitTest.release.xcconfig */ = {isa = PBXFileReference; includeInIndex = 1; lastKnownFileType = text.xcconfig; name = "Pods-PSPDFKitTest.release.xcconfig"; path = "Target Support Files/Pods-PSPDFKitTest/Pods-PSPDFKitTest.release.xcconfig"; sourceTree = "<group>"; };
		AAE682DBF2412315F6322D45 /* Pods-PSPDFKitTest.debug.xcconfig */ = {isa = PBXFileReference; includeInIndex = 1; lastKnownFileType = text.xcconfig; name = "Pods-PSPDFKitTest.debug.xcconfig"; path = "Target Support Files/Pods-PSPDFKitTest/Pods-PSPDFKitTest.debug.xcconfig"; sourceTree = "<group>"; };
/* End PBXFileReference section */

/* Begin PBXFrameworksBuildPhase section */
		889C6B62221DFADE00D74C05 /* Frameworks */ = {
			isa = PBXFrameworksBuildPhase;
			buildActionMask = 2147483647;
			files = (
				EAEE07930B646C2E0715F295 /* Pods_PSPDFKitTest.framework in Frameworks */,
			);
			runOnlyForDeploymentPostprocessing = 0;
		};
		889C6B79221DFADF00D74C05 /* Frameworks */ = {
			isa = PBXFrameworksBuildPhase;
			buildActionMask = 2147483647;
			files = (
			);
			runOnlyForDeploymentPostprocessing = 0;
		};
		889C6B84221DFADF00D74C05 /* Frameworks */ = {
			isa = PBXFrameworksBuildPhase;
			buildActionMask = 2147483647;
			files = (
			);
			runOnlyForDeploymentPostprocessing = 0;
		};
/* End PBXFrameworksBuildPhase section */

/* Begin PBXGroup section */
		6F54E727DB4E7A61B9576485 /* Pods */ = {
			isa = PBXGroup;
			children = (
				AAE682DBF2412315F6322D45 /* Pods-PSPDFKitTest.debug.xcconfig */,
				9A4977A7A388EA00A9D24D7B /* Pods-PSPDFKitTest.release.xcconfig */,
			);
			path = Pods;
			sourceTree = "<group>";
		};
		8870455F22206F9D00A18A5C /* Controllers */ = {
			isa = PBXGroup;
			children = (
				8870455D221F7A1C00A18A5C /* PDFViewController.swift */,
				8870456022206FD600A18A5C /* PDFTabController.swift */,
			);
			path = Controllers;
			sourceTree = "<group>";
		};
		889C6B5C221DFADE00D74C05 = {
			isa = PBXGroup;
			children = (
				889C6B67221DFADE00D74C05 /* PSPDFKitTest */,
				889C6B7F221DFADF00D74C05 /* PSPDFKitTestTests */,
				889C6B8A221DFADF00D74C05 /* PSPDFKitTestUITests */,
				889C6B66221DFADE00D74C05 /* Products */,
				6F54E727DB4E7A61B9576485 /* Pods */,
				E7CEA4A2697DA1166408F6D8 /* Frameworks */,
			);
			sourceTree = "<group>";
		};
		889C6B66221DFADE00D74C05 /* Products */ = {
			isa = PBXGroup;
			children = (
				889C6B65221DFADE00D74C05 /* PSPDFKitTest.app */,
				889C6B7C221DFADF00D74C05 /* PSPDFKitTestTests.xctest */,
				889C6B87221DFADF00D74C05 /* PSPDFKitTestUITests.xctest */,
			);
			name = Products;
			sourceTree = "<group>";
		};
		889C6B67221DFADE00D74C05 /* PSPDFKitTest */ = {
			isa = PBXGroup;
			children = (
				889C6B68221DFADE00D74C05 /* AppDelegate.swift */,
				889C6B6A221DFADE00D74C05 /* ViewController.swift */,
				889C6B6C221DFADE00D74C05 /* Main.storyboard */,
				88E76877222994D8007A0CCB /* Independiente */,
				8870455B221F1B7800A18A5C /* MultiplePDFViewController.swift */,
				8870455F22206F9D00A18A5C /* Controllers */,
				889C6B9F221E051A00D74C05 /* ManualesTableView */,
				889C6B72221DFADF00D74C05 /* Assets.xcassets */,
				889C6B74221DFADF00D74C05 /* LaunchScreen.storyboard */,
				889C6B77221DFADF00D74C05 /* Info.plist */,
				889C6BA7221E1B7100D74C05 /* Pilotos y Sobrecargos viajando sin Boleto.pdf */,
				889C6BA8221E1B7100D74C05 /* Carta_Fiesta_Inn_Aeromexico.pdf */,
				889C6BA6221E1B7100D74C05 /* Así_trabajamos.pdf */,
				889C6BA9221E1B7200D74C05 /* Revisión de Seguridad.pdf */,
				889C6B99221E035400D74C05 /* camara.pdf */,
				889C6B6F221DFADE00D74C05 /* PSPDFKitTest.xcdatamodeld */,
			);
			path = PSPDFKitTest;
			sourceTree = "<group>";
		};
		889C6B7F221DFADF00D74C05 /* PSPDFKitTestTests */ = {
			isa = PBXGroup;
			children = (
				889C6B80221DFADF00D74C05 /* PSPDFKitTestTests.swift */,
				889C6B82221DFADF00D74C05 /* Info.plist */,
			);
			path = PSPDFKitTestTests;
			sourceTree = "<group>";
		};
		889C6B8A221DFADF00D74C05 /* PSPDFKitTestUITests */ = {
			isa = PBXGroup;
			children = (
				889C6B8B221DFADF00D74C05 /* PSPDFKitTestUITests.swift */,
				889C6B8D221DFADF00D74C05 /* Info.plist */,
			);
			path = PSPDFKitTestUITests;
			sourceTree = "<group>";
		};
		889C6B9F221E051A00D74C05 /* ManualesTableView */ = {
			isa = PBXGroup;
			children = (
				889C6BA0221E054A00D74C05 /* ManualesViewController.swift */,
				889C6BA2221E05A300D74C05 /* ManualesTableViewCell.swift */,
				889C6BA3221E05A300D74C05 /* ManualesTableViewCell.xib */,
			);
			path = ManualesTableView;
			sourceTree = "<group>";
		};
		88E76877222994D8007A0CCB /* Independiente */ = {
			isa = PBXGroup;
			children = (
				889C6BAE221E6D0E00D74C05 /* FavoritosViewController.swift */,
			);
			path = Independiente;
			sourceTree = "<group>";
		};
		E7CEA4A2697DA1166408F6D8 /* Frameworks */ = {
			isa = PBXGroup;
			children = (
				0B280E86F4E095AA54F235A9 /* Pods_PSPDFKitTest.framework */,
			);
			name = Frameworks;
			sourceTree = "<group>";
		};
/* End PBXGroup section */

/* Begin PBXNativeTarget section */
		889C6B64221DFADE00D74C05 /* PSPDFKitTest */ = {
			isa = PBXNativeTarget;
			buildConfigurationList = 889C6B90221DFADF00D74C05 /* Build configuration list for PBXNativeTarget "PSPDFKitTest" */;
			buildPhases = (
				2C07AE20C300653D32CB6FF5 /* [CP] Check Pods Manifest.lock */,
				889C6B61221DFADE00D74C05 /* Sources */,
				889C6B62221DFADE00D74C05 /* Frameworks */,
				889C6B63221DFADE00D74C05 /* Resources */,
				FFC137BCD9E1F3079AA7F709 /* [CP] Embed Pods Frameworks */,
			);
			buildRules = (
			);
			dependencies = (
			);
			name = PSPDFKitTest;
			productName = PSPDFKitTest;
			productReference = 889C6B65221DFADE00D74C05 /* PSPDFKitTest.app */;
			productType = "com.apple.product-type.application";
		};
		889C6B7B221DFADF00D74C05 /* PSPDFKitTestTests */ = {
			isa = PBXNativeTarget;
			buildConfigurationList = 889C6B93221DFADF00D74C05 /* Build configuration list for PBXNativeTarget "PSPDFKitTestTests" */;
			buildPhases = (
				889C6B78221DFADF00D74C05 /* Sources */,
				889C6B79221DFADF00D74C05 /* Frameworks */,
				889C6B7A221DFADF00D74C05 /* Resources */,
			);
			buildRules = (
			);
			dependencies = (
				889C6B7E221DFADF00D74C05 /* PBXTargetDependency */,
			);
			name = PSPDFKitTestTests;
			productName = PSPDFKitTestTests;
			productReference = 889C6B7C221DFADF00D74C05 /* PSPDFKitTestTests.xctest */;
			productType = "com.apple.product-type.bundle.unit-test";
		};
		889C6B86221DFADF00D74C05 /* PSPDFKitTestUITests */ = {
			isa = PBXNativeTarget;
			buildConfigurationList = 889C6B96221DFADF00D74C05 /* Build configuration list for PBXNativeTarget "PSPDFKitTestUITests" */;
			buildPhases = (
				889C6B83221DFADF00D74C05 /* Sources */,
				889C6B84221DFADF00D74C05 /* Frameworks */,
				889C6B85221DFADF00D74C05 /* Resources */,
			);
			buildRules = (
			);
			dependencies = (
				889C6B89221DFADF00D74C05 /* PBXTargetDependency */,
			);
			name = PSPDFKitTestUITests;
			productName = PSPDFKitTestUITests;
			productReference = 889C6B87221DFADF00D74C05 /* PSPDFKitTestUITests.xctest */;
			productType = "com.apple.product-type.bundle.ui-testing";
		};
/* End PBXNativeTarget section */

/* Begin PBXProject section */
		889C6B5D221DFADE00D74C05 /* Project object */ = {
			isa = PBXProject;
			attributes = {
				LastSwiftUpdateCheck = 1010;
				LastUpgradeCheck = 1010;
				ORGANIZATIONNAME = Gonet;
				TargetAttributes = {
					889C6B64221DFADE00D74C05 = {
						CreatedOnToolsVersion = 10.1;
					};
					889C6B7B221DFADF00D74C05 = {
						CreatedOnToolsVersion = 10.1;
						TestTargetID = 889C6B64221DFADE00D74C05;
					};
					889C6B86221DFADF00D74C05 = {
						CreatedOnToolsVersion = 10.1;
						TestTargetID = 889C6B64221DFADE00D74C05;
					};
				};
			};
			buildConfigurationList = 889C6B60221DFADE00D74C05 /* Build configuration list for PBXProject "PSPDFKitTest" */;
			compatibilityVersion = "Xcode 9.3";
			developmentRegion = en;
			hasScannedForEncodings = 0;
			knownRegions = (
				en,
				Base,
			);
			mainGroup = 889C6B5C221DFADE00D74C05;
			productRefGroup = 889C6B66221DFADE00D74C05 /* Products */;
			projectDirPath = "";
			projectRoot = "";
			targets = (
				889C6B64221DFADE00D74C05 /* PSPDFKitTest */,
				889C6B7B221DFADF00D74C05 /* PSPDFKitTestTests */,
				889C6B86221DFADF00D74C05 /* PSPDFKitTestUITests */,
			);
		};
/* End PBXProject section */

/* Begin PBXResourcesBuildPhase section */
		889C6B63221DFADE00D74C05 /* Resources */ = {
			isa = PBXResourcesBuildPhase;
			buildActionMask = 2147483647;
			files = (
				889C6BA5221E05A300D74C05 /* ManualesTableViewCell.xib in Resources */,
				889C6BAD221E1B7200D74C05 /* Revisión de Seguridad.pdf in Resources */,
				889C6B76221DFADF00D74C05 /* LaunchScreen.storyboard in Resources */,
				889C6B73221DFADF00D74C05 /* Assets.xcassets in Resources */,
				889C6B6E221DFADE00D74C05 /* Main.storyboard in Resources */,
				889C6BAC221E1B7200D74C05 /* Carta_Fiesta_Inn_Aeromexico.pdf in Resources */,
				889C6BAA221E1B7200D74C05 /* Así_trabajamos.pdf in Resources */,
				889C6B9A221E035500D74C05 /* camara.pdf in Resources */,
				889C6BAB221E1B7200D74C05 /* Pilotos y Sobrecargos viajando sin Boleto.pdf in Resources */,
			);
			runOnlyForDeploymentPostprocessing = 0;
		};
		889C6B7A221DFADF00D74C05 /* Resources */ = {
			isa = PBXResourcesBuildPhase;
			buildActionMask = 2147483647;
			files = (
			);
			runOnlyForDeploymentPostprocessing = 0;
		};
		889C6B85221DFADF00D74C05 /* Resources */ = {
			isa = PBXResourcesBuildPhase;
			buildActionMask = 2147483647;
			files = (
			);
			runOnlyForDeploymentPostprocessing = 0;
		};
/* End PBXResourcesBuildPhase section */

/* Begin PBXShellScriptBuildPhase section */
		2C07AE20C300653D32CB6FF5 /* [CP] Check Pods Manifest.lock */ = {
			isa = PBXShellScriptBuildPhase;
			buildActionMask = 2147483647;
			files = (
			);
			inputFileListPaths = (
			);
			inputPaths = (
				"${PODS_PODFILE_DIR_PATH}/Podfile.lock",
				"${PODS_ROOT}/Manifest.lock",
			);
			name = "[CP] Check Pods Manifest.lock";
			outputFileListPaths = (
			);
			outputPaths = (
				"$(DERIVED_FILE_DIR)/Pods-PSPDFKitTest-checkManifestLockResult.txt",
			);
			runOnlyForDeploymentPostprocessing = 0;
			shellPath = /bin/sh;
			shellScript = "diff \"${PODS_PODFILE_DIR_PATH}/Podfile.lock\" \"${PODS_ROOT}/Manifest.lock\" > /dev/null\nif [ $? != 0 ] ; then\n    # print error to STDERR\n    echo \"error: The sandbox is not in sync with the Podfile.lock. Run 'pod install' or update your CocoaPods installation.\" >&2\n    exit 1\nfi\n# This output is used by Xcode 'outputs' to avoid re-running this script phase.\necho \"SUCCESS\" > \"${SCRIPT_OUTPUT_FILE_0}\"\n";
			showEnvVarsInLog = 0;
		};
		FFC137BCD9E1F3079AA7F709 /* [CP] Embed Pods Frameworks */ = {
			isa = PBXShellScriptBuildPhase;
			buildActionMask = 2147483647;
			files = (
			);
			inputFileListPaths = (
			);
			inputPaths = (
				"${PODS_ROOT}/Target Support Files/Pods-PSPDFKitTest/Pods-PSPDFKitTest-frameworks.sh",
				"${PODS_ROOT}/PSPDFKit/PSPDFKit.framework",
				"${PODS_ROOT}/PSPDFKit/PSPDFKitUI.framework",
			);
			name = "[CP] Embed Pods Frameworks";
			outputFileListPaths = (
			);
			outputPaths = (
				"${TARGET_BUILD_DIR}/${FRAMEWORKS_FOLDER_PATH}/PSPDFKit.framework",
				"${TARGET_BUILD_DIR}/${FRAMEWORKS_FOLDER_PATH}/PSPDFKitUI.framework",
			);
			runOnlyForDeploymentPostprocessing = 0;
			shellPath = /bin/sh;
			shellScript = "\"${PODS_ROOT}/Target Support Files/Pods-PSPDFKitTest/Pods-PSPDFKitTest-frameworks.sh\"\n";
			showEnvVarsInLog = 0;
		};
/* End PBXShellScriptBuildPhase section */

/* Begin PBXSourcesBuildPhase section */
		889C6B61221DFADE00D74C05 /* Sources */ = {
			isa = PBXSourcesBuildPhase;
			buildActionMask = 2147483647;
			files = (
				889C6B6B221DFADE00D74C05 /* ViewController.swift in Sources */,
				889C6B71221DFADE00D74C05 /* PSPDFKitTest.xcdatamodeld in Sources */,
				889C6BAF221E6D0E00D74C05 /* FavoritosViewController.swift in Sources */,
				8870455E221F7A1C00A18A5C /* PDFViewController.swift in Sources */,
				889C6B69221DFADE00D74C05 /* AppDelegate.swift in Sources */,
				889C6BA1221E054A00D74C05 /* ManualesViewController.swift in Sources */,
				8870456122206FD600A18A5C /* PDFTabController.swift in Sources */,
				889C6BA4221E05A300D74C05 /* ManualesTableViewCell.swift in Sources */,
				8870455C221F1B7800A18A5C /* MultiplePDFViewController.swift in Sources */,
			);
			runOnlyForDeploymentPostprocessing = 0;
		};
		889C6B78221DFADF00D74C05 /* Sources */ = {
			isa = PBXSourcesBuildPhase;
			buildActionMask = 2147483647;
			files = (
				889C6B81221DFADF00D74C05 /* PSPDFKitTestTests.swift in Sources */,
			);
			runOnlyForDeploymentPostprocessing = 0;
		};
		889C6B83221DFADF00D74C05 /* Sources */ = {
			isa = PBXSourcesBuildPhase;
			buildActionMask = 2147483647;
			files = (
				889C6B8C221DFADF00D74C05 /* PSPDFKitTestUITests.swift in Sources */,
			);
			runOnlyForDeploymentPostprocessing = 0;
		};
/* End PBXSourcesBuildPhase section */

/* Begin PBXTargetDependency section */
		889C6B7E221DFADF00D74C05 /* PBXTargetDependency */ = {
			isa = PBXTargetDependency;
			target = 889C6B64221DFADE00D74C05 /* PSPDFKitTest */;
			targetProxy = 889C6B7D221DFADF00D74C05 /* PBXContainerItemProxy */;
		};
		889C6B89221DFADF00D74C05 /* PBXTargetDependency */ = {
			isa = PBXTargetDependency;
			target = 889C6B64221DFADE00D74C05 /* PSPDFKitTest */;
			targetProxy = 889C6B88221DFADF00D74C05 /* PBXContainerItemProxy */;
		};
/* End PBXTargetDependency section */

/* Begin PBXVariantGroup section */
		889C6B6C221DFADE00D74C05 /* Main.storyboard */ = {
			isa = PBXVariantGroup;
			children = (
				889C6B6D221DFADE00D74C05 /* Base */,
			);
			name = Main.storyboard;
			sourceTree = "<group>";
		};
		889C6B74221DFADF00D74C05 /* LaunchScreen.storyboard */ = {
			isa = PBXVariantGroup;
			children = (
				889C6B75221DFADF00D74C05 /* Base */,
			);
			name = LaunchScreen.storyboard;
			sourceTree = "<group>";
		};
/* End PBXVariantGroup section */

/* Begin XCBuildConfiguration section */
		889C6B8E221DFADF00D74C05 /* Debug */ = {
			isa = XCBuildConfiguration;
			buildSettings = {
				ALWAYS_SEARCH_USER_PATHS = NO;
				CLANG_ANALYZER_NONNULL = YES;
				CLANG_ANALYZER_NUMBER_OBJECT_CONVERSION = YES_AGGRESSIVE;
				CLANG_CXX_LANGUAGE_STANDARD = "gnu++14";
				CLANG_CXX_LIBRARY = "libc++";
				CLANG_ENABLE_MODULES = YES;
				CLANG_ENABLE_OBJC_ARC = YES;
				CLANG_ENABLE_OBJC_WEAK = YES;
				CLANG_WARN_BLOCK_CAPTURE_AUTORELEASING = YES;
				CLANG_WARN_BOOL_CONVERSION = YES;
				CLANG_WARN_COMMA = YES;
				CLANG_WARN_CONSTANT_CONVERSION = YES;
				CLANG_WARN_DEPRECATED_OBJC_IMPLEMENTATIONS = YES;
				CLANG_WARN_DIRECT_OBJC_ISA_USAGE = YES_ERROR;
				CLANG_WARN_DOCUMENTATION_COMMENTS = YES;
				CLANG_WARN_EMPTY_BODY = YES;
				CLANG_WARN_ENUM_CONVERSION = YES;
				CLANG_WARN_INFINITE_RECURSION = YES;
				CLANG_WARN_INT_CONVERSION = YES;
				CLANG_WARN_NON_LITERAL_NULL_CONVERSION = YES;
				CLANG_WARN_OBJC_IMPLICIT_RETAIN_SELF = YES;
				CLANG_WARN_OBJC_LITERAL_CONVERSION = YES;
				CLANG_WARN_OBJC_ROOT_CLASS = YES_ERROR;
				CLANG_WARN_RANGE_LOOP_ANALYSIS = YES;
				CLANG_WARN_STRICT_PROTOTYPES = YES;
				CLANG_WARN_SUSPICIOUS_MOVE = YES;
				CLANG_WARN_UNGUARDED_AVAILABILITY = YES_AGGRESSIVE;
				CLANG_WARN_UNREACHABLE_CODE = YES;
				CLANG_WARN__DUPLICATE_METHOD_MATCH = YES;
				CODE_SIGN_IDENTITY = "iPhone Developer";
				COPY_PHASE_STRIP = NO;
				DEBUG_INFORMATION_FORMAT = dwarf;
				ENABLE_STRICT_OBJC_MSGSEND = YES;
				ENABLE_TESTABILITY = YES;
				GCC_C_LANGUAGE_STANDARD = gnu11;
				GCC_DYNAMIC_NO_PIC = NO;
				GCC_NO_COMMON_BLOCKS = YES;
				GCC_OPTIMIZATION_LEVEL = 0;
				GCC_PREPROCESSOR_DEFINITIONS = (
					"DEBUG=1",
					"$(inherited)",
				);
				GCC_WARN_64_TO_32_BIT_CONVERSION = YES;
				GCC_WARN_ABOUT_RETURN_TYPE = YES_ERROR;
				GCC_WARN_UNDECLARED_SELECTOR = YES;
				GCC_WARN_UNINITIALIZED_AUTOS = YES_AGGRESSIVE;
				GCC_WARN_UNUSED_FUNCTION = YES;
				GCC_WARN_UNUSED_VARIABLE = YES;
				IPHONEOS_DEPLOYMENT_TARGET = 12.1;
				MTL_ENABLE_DEBUG_INFO = INCLUDE_SOURCE;
				MTL_FAST_MATH = YES;
				ONLY_ACTIVE_ARCH = YES;
				SDKROOT = iphoneos;
				SWIFT_ACTIVE_COMPILATION_CONDITIONS = DEBUG;
				SWIFT_OPTIMIZATION_LEVEL = "-Onone";
			};
			name = Debug;
		};
		889C6B8F221DFADF00D74C05 /* Release */ = {
			isa = XCBuildConfiguration;
			buildSettings = {
				ALWAYS_SEARCH_USER_PATHS = NO;
				CLANG_ANALYZER_NONNULL = YES;
				CLANG_ANALYZER_NUMBER_OBJECT_CONVERSION = YES_AGGRESSIVE;
				CLANG_CXX_LANGUAGE_STANDARD = "gnu++14";
				CLANG_CXX_LIBRARY = "libc++";
				CLANG_ENABLE_MODULES = YES;
				CLANG_ENABLE_OBJC_ARC = YES;
				CLANG_ENABLE_OBJC_WEAK = YES;
				CLANG_WARN_BLOCK_CAPTURE_AUTORELEASING = YES;
				CLANG_WARN_BOOL_CONVERSION = YES;
				CLANG_WARN_COMMA = YES;
				CLANG_WARN_CONSTANT_CONVERSION = YES;
				CLANG_WARN_DEPRECATED_OBJC_IMPLEMENTATIONS = YES;
				CLANG_WARN_DIRECT_OBJC_ISA_USAGE = YES_ERROR;
				CLANG_WARN_DOCUMENTATION_COMMENTS = YES;
				CLANG_WARN_EMPTY_BODY = YES;
				CLANG_WARN_ENUM_CONVERSION = YES;
				CLANG_WARN_INFINITE_RECURSION = YES;
				CLANG_WARN_INT_CONVERSION = YES;
				CLANG_WARN_NON_LITERAL_NULL_CONVERSION = YES;
				CLANG_WARN_OBJC_IMPLICIT_RETAIN_SELF = YES;
				CLANG_WARN_OBJC_LITERAL_CONVERSION = YES;
				CLANG_WARN_OBJC_ROOT_CLASS = YES_ERROR;
				CLANG_WARN_RANGE_LOOP_ANALYSIS = YES;
				CLANG_WARN_STRICT_PROTOTYPES = YES;
				CLANG_WARN_SUSPICIOUS_MOVE = YES;
				CLANG_WARN_UNGUARDED_AVAILABILITY = YES_AGGRESSIVE;
				CLANG_WARN_UNREACHABLE_CODE = YES;
				CLANG_WARN__DUPLICATE_METHOD_MATCH = YES;
				CODE_SIGN_IDENTITY = "iPhone Developer";
				COPY_PHASE_STRIP = NO;
				DEBUG_INFORMATION_FORMAT = "dwarf-with-dsym";
				ENABLE_NS_ASSERTIONS = NO;
				ENABLE_STRICT_OBJC_MSGSEND = YES;
				GCC_C_LANGUAGE_STANDARD = gnu11;
				GCC_NO_COMMON_BLOCKS = YES;
				GCC_WARN_64_TO_32_BIT_CONVERSION = YES;
				GCC_WARN_ABOUT_RETURN_TYPE = YES_ERROR;
				GCC_WARN_UNDECLARED_SELECTOR = YES;
				GCC_WARN_UNINITIALIZED_AUTOS = YES_AGGRESSIVE;
				GCC_WARN_UNUSED_FUNCTION = YES;
				GCC_WARN_UNUSED_VARIABLE = YES;
				IPHONEOS_DEPLOYMENT_TARGET = 12.1;
				MTL_ENABLE_DEBUG_INFO = NO;
				MTL_FAST_MATH = YES;
				SDKROOT = iphoneos;
				SWIFT_COMPILATION_MODE = wholemodule;
				SWIFT_OPTIMIZATION_LEVEL = "-O";
				VALIDATE_PRODUCT = YES;
			};
			name = Release;
		};
		889C6B91221DFADF00D74C05 /* Debug */ = {
			isa = XCBuildConfiguration;
			baseConfigurationReference = AAE682DBF2412315F6322D45 /* Pods-PSPDFKitTest.debug.xcconfig */;
			buildSettings = {
				ASSETCATALOG_COMPILER_APPICON_NAME = AppIcon;
				CODE_SIGN_STYLE = Automatic;
				DEVELOPMENT_TEAM = 2KAGQ44QH8;
				INFOPLIST_FILE = PSPDFKitTest/Info.plist;
				LD_RUNPATH_SEARCH_PATHS = (
					"$(inherited)",
					"@executable_path/Frameworks",
				);
				PRODUCT_BUNDLE_IDENTIFIER = Gonet.PSPDFKitTest;
				PRODUCT_NAME = "$(TARGET_NAME)";
				SWIFT_REFLECTION_METADATA_LEVEL = all;
				SWIFT_VERSION = 4.2;
				TARGETED_DEVICE_FAMILY = 2;
			};
			name = Debug;
		};
		889C6B92221DFADF00D74C05 /* Release */ = {
			isa = XCBuildConfiguration;
			baseConfigurationReference = 9A4977A7A388EA00A9D24D7B /* Pods-PSPDFKitTest.release.xcconfig */;
			buildSettings = {
				ASSETCATALOG_COMPILER_APPICON_NAME = AppIcon;
				CODE_SIGN_STYLE = Automatic;
				DEVELOPMENT_TEAM = 2KAGQ44QH8;
				INFOPLIST_FILE = PSPDFKitTest/Info.plist;
				LD_RUNPATH_SEARCH_PATHS = (
					"$(inherited)",
					"@executable_path/Frameworks",
				);
				PRODUCT_BUNDLE_IDENTIFIER = Gonet.PSPDFKitTest;
				PRODUCT_NAME = "$(TARGET_NAME)";
				SWIFT_REFLECTION_METADATA_LEVEL = all;
				SWIFT_VERSION = 4.2;
				TARGETED_DEVICE_FAMILY = 2;
			};
			name = Release;
		};
		889C6B94221DFADF00D74C05 /* Debug */ = {
			isa = XCBuildConfiguration;
			buildSettings = {
				ALWAYS_EMBED_SWIFT_STANDARD_LIBRARIES = YES;
				BUNDLE_LOADER = "$(TEST_HOST)";
				CODE_SIGN_STYLE = Automatic;
				DEVELOPMENT_TEAM = 2KAGQ44QH8;
				INFOPLIST_FILE = PSPDFKitTestTests/Info.plist;
				LD_RUNPATH_SEARCH_PATHS = (
					"$(inherited)",
					"@executable_path/Frameworks",
					"@loader_path/Frameworks",
				);
				PRODUCT_BUNDLE_IDENTIFIER = Gonet.PSPDFKitTestTests;
				PRODUCT_NAME = "$(TARGET_NAME)";
				SWIFT_VERSION = 4.2;
				TARGETED_DEVICE_FAMILY = "1,2";
				TEST_HOST = "$(BUILT_PRODUCTS_DIR)/PSPDFKitTest.app/PSPDFKitTest";
			};
			name = Debug;
		};
		889C6B95221DFADF00D74C05 /* Release */ = {
			isa = XCBuildConfiguration;
			buildSettings = {
				ALWAYS_EMBED_SWIFT_STANDARD_LIBRARIES = YES;
				BUNDLE_LOADER = "$(TEST_HOST)";
				CODE_SIGN_STYLE = Automatic;
				DEVELOPMENT_TEAM = 2KAGQ44QH8;
				INFOPLIST_FILE = PSPDFKitTestTests/Info.plist;
				LD_RUNPATH_SEARCH_PATHS = (
					"$(inherited)",
					"@executable_path/Frameworks",
					"@loader_path/Frameworks",
				);
				PRODUCT_BUNDLE_IDENTIFIER = Gonet.PSPDFKitTestTests;
				PRODUCT_NAME = "$(TARGET_NAME)";
				SWIFT_VERSION = 4.2;
				TARGETED_DEVICE_FAMILY = "1,2";
				TEST_HOST = "$(BUILT_PRODUCTS_DIR)/PSPDFKitTest.app/PSPDFKitTest";
			};
			name = Release;
		};
		889C6B97221DFADF00D74C05 /* Debug */ = {
			isa = XCBuildConfiguration;
			buildSettings = {
				ALWAYS_EMBED_SWIFT_STANDARD_LIBRARIES = YES;
				CODE_SIGN_STYLE = Automatic;
				DEVELOPMENT_TEAM = 2KAGQ44QH8;
				INFOPLIST_FILE = PSPDFKitTestUITests/Info.plist;
				LD_RUNPATH_SEARCH_PATHS = (
					"$(inherited)",
					"@executable_path/Frameworks",
					"@loader_path/Frameworks",
				);
				PRODUCT_BUNDLE_IDENTIFIER = Gonet.PSPDFKitTestUITests;
				PRODUCT_NAME = "$(TARGET_NAME)";
				SWIFT_VERSION = 4.2;
				TARGETED_DEVICE_FAMILY = "1,2";
				TEST_TARGET_NAME = PSPDFKitTest;
			};
			name = Debug;
		};
		889C6B98221DFADF00D74C05 /* Release */ = {
			isa = XCBuildConfiguration;
			buildSettings = {
				ALWAYS_EMBED_SWIFT_STANDARD_LIBRARIES = YES;
				CODE_SIGN_STYLE = Automatic;
				DEVELOPMENT_TEAM = 2KAGQ44QH8;
				INFOPLIST_FILE = PSPDFKitTestUITests/Info.plist;
				LD_RUNPATH_SEARCH_PATHS = (
					"$(inherited)",
					"@executable_path/Frameworks",
					"@loader_path/Frameworks",
				);
				PRODUCT_BUNDLE_IDENTIFIER = Gonet.PSPDFKitTestUITests;
				PRODUCT_NAME = "$(TARGET_NAME)";
				SWIFT_VERSION = 4.2;
				TARGETED_DEVICE_FAMILY = "1,2";
				TEST_TARGET_NAME = PSPDFKitTest;
			};
			name = Release;
		};
/* End XCBuildConfiguration section */

/* Begin XCConfigurationList section */
		889C6B60221DFADE00D74C05 /* Build configuration list for PBXProject "PSPDFKitTest" */ = {
			isa = XCConfigurationList;
			buildConfigurations = (
				889C6B8E221DFADF00D74C05 /* Debug */,
				889C6B8F221DFADF00D74C05 /* Release */,
			);
			defaultConfigurationIsVisible = 0;
			defaultConfigurationName = Release;
		};
		889C6B90221DFADF00D74C05 /* Build configuration list for PBXNativeTarget "PSPDFKitTest" */ = {
			isa = XCConfigurationList;
			buildConfigurations = (
				889C6B91221DFADF00D74C05 /* Debug */,
				889C6B92221DFADF00D74C05 /* Release */,
			);
			defaultConfigurationIsVisible = 0;
			defaultConfigurationName = Release;
		};
		889C6B93221DFADF00D74C05 /* Build configuration list for PBXNativeTarget "PSPDFKitTestTests" */ = {
			isa = XCConfigurationList;
			buildConfigurations = (
				889C6B94221DFADF00D74C05 /* Debug */,
				889C6B95221DFADF00D74C05 /* Release */,
			);
			defaultConfigurationIsVisible = 0;
			defaultConfigurationName = Release;
		};
		889C6B96221DFADF00D74C05 /* Build configuration list for PBXNativeTarget "PSPDFKitTestUITests" */ = {
			isa = XCConfigurationList;
			buildConfigurations = (
				889C6B97221DFADF00D74C05 /* Debug */,
				889C6B98221DFADF00D74C05 /* Release */,
			);
			defaultConfigurationIsVisible = 0;
			defaultConfigurationName = Release;
		};
/* End XCConfigurationList section */

/* Begin XCVersionGroup section */
		889C6B6F221DFADE00D74C05 /* PSPDFKitTest.xcdatamodeld */ = {
			isa = XCVersionGroup;
			children = (
				889C6B70221DFADE00D74C05 /* PSPDFKitTest.xcdatamodel */,
			);
			currentVersion = 889C6B70221DFADE00D74C05 /* PSPDFKitTest.xcdatamodel */;
			path = PSPDFKitTest.xcdatamodeld;
			sourceTree = "<group>";
			versionGroupType = wrapper.xcdatamodel;
		};
/* End XCVersionGroup section */
	};
	rootObject = 889C6B5D221DFADE00D74C05 /* Project object */;
}
